{
  "lockfile_version": "1",
  "packages": {
    "ansible@2.18.7": {
      "last_modified": "2025-07-24T15:00:16Z",
      "resolved": "github:NixOS/nixpkgs/b74a30dbc0a72e20df07d43109339f780b439291#ansible",
      "source": "devbox-search",
      "version": "2.18.7",
      "systems": {
        "aarch64-darwin": {
          "outputs": [
            {
              "name": "out",
              "path": "/nix/store/qmar5zgs9lxar7b7mriazvrka20hcslx-python3.13-ansible-core-2.18.7",
              "default": true
            },
            {
              "name": "dist",
              "path": "/nix/store/1vwgkixmh7bm5qj8v03db8b5dnmp65q3-python3.13-ansible-core-2.18.7-dist"
            }
          ],
          "store_path": "/nix/store/qmar5zgs9lxar7b7mriazvrka20hcslx-python3.13-ansible-core-2.18.7"
        },
        "aarch64-linux": {
          "outputs": [
            {
              "name": "out",
              "path": "/nix/store/zi2xpjjb9d6l2blr95pxdvwcjw9jjaxd-python3.13-ansible-core-2.18.7",
              "default": true
            },
            {
              "name": "dist",
              "path": "/nix/store/6car8i7dyqcmr0x2n7z4p3d12rim2k0j-python3.13-ansible-core-2.18.7-dist"
            }
          ],
          "store_path": "/nix/store/zi2xpjjb9d6l2blr95pxdvwcjw9jjaxd-python3.13-ansible-core-2.18.7"
        },
        "x86_64-darwin": {
          "outputs": [
            {
              "name": "out",
              "path": "/nix/store/w8kipz2an728f5cjys6bpmkk42p6mmhf-python3.13-ansible-core-2.18.7",
              "default": true
            },
            {
              "name": "dist",
              "path": "/nix/store/cq7k1xwcl1z6g76qf0cdyw46dsi4c9s5-python3.13-ansible-core-2.18.7-dist"
            }
          ],
          "store_path": "/nix/store/w8kipz2an728f5cjys6bpmkk42p6mmhf-python3.13-ansible-core-2.18.7"
        },
        "x86_64-linux": {
          "outputs": [
            {
              "name": "out",
              "path": "/nix/store/2q4k547d89dnvxpyw7qql77bwpc34dby-python3.13-ansible-core-2.18.7",
              "default": true
            },
            {
              "name": "dist",
              "path": "/nix/store/sp5myxai1h56n8q4d6hjpz0n7raxp7yx-python3.13-ansible-core-2.18.7-dist"
            }
          ],
          "store_path": "/nix/store/2q4k547d89dnvxpyw7qql77bwpc34dby-python3.13-ansible-core-2.18.7"
        }
      }
    },
    "sshpass@latest": {
      "last_modified": "2024-07-07T07:43:47Z",
      "resolved": "github:NixOS/nixpkgs/b60793b86201040d9dee019a05089a9150d08b5b#sshpass",
      "source": "devbox-search",
      "version": "1.10",
      "systems": {
        "aarch64-darwin": {
          "outputs": [
            {
              "name": "out",
              "path": "/nix/store/48y6jzhm0w7y0hpb7447765w83jlhmgn-sshpass-1.10",
              "default": true
            }
          ],
          "store_path": "/nix/store/48y6jzhm0w7y0hpb7447765w83jlhmgn-sshpass-1.10"
        },
        "aarch64-linux": {
          "outputs": [
            {
              "name": "out",
              "path": "/nix/store/cw68ibl6qw9d9f7m7p4al3fp4759xnkx-sshpass-1.10",
              "default": true
            }
          ],
          "store_path": "/nix/store/cw68ibl6qw9d9f7m7p4al3fp4759xnkx-sshpass-1.10"
        },
        "x86_64-darwin": {
          "outputs": [
            {
              "name": "out",
              "path": "/nix/store/x93zzyzkpzmr6n3iniyvihlglibln1rf-sshpass-1.10",
              "default": true
            }
          ],
          "store_path": "/nix/store/x93zzyzkpzmr6n3iniyvihlglibln1rf-sshpass-1.10"
        },
        "x86_64-linux": {
          "outputs": [
            {
              "name": "out",
              "path": "/nix/store/6x512hbxjip723wvfsdf24h6ql3hyh99-sshpass-1.10",
              "default": true
            }
          ],
          "store_path": "/nix/store/6x512hbxjip723wvfsdf24h6ql3hyh99-sshpass-1.10"
        }
      }
    }
  }
}
