{
  "lockfile_version": "1",
  "packages": {
    "ansible@2.18.6": {
      "last_modified": "2025-05-24T21:46:02Z",
      "resolved": "github:NixOS/nixpkgs/edb3633f9100d9277d1c9af245a4e9337a980c07#ansible",
      "source": "devbox-search",
      "version": "2.18.6",
      "systems": {
        "aarch64-darwin": {
          "outputs": [
            {
              "name": "out",
              "path": "/nix/store/gnls4kcmy9fr5a3x7kqrsqwq2m96rrsg-python3.12-ansible-core-2.18.6",
              "default": true
            },
            {
              "name": "dist",
              "path": "/nix/store/8k2zgmsdlpxk759rxlgfzsqss0gqxhvp-python3.12-ansible-core-2.18.6-dist"
            }
          ],
          "store_path": "/nix/store/gnls4kcmy9fr5a3x7kqrsqwq2m96rrsg-python3.12-ansible-core-2.18.6"
        },
        "aarch64-linux": {
          "outputs": [
            {
              "name": "out",
              "path": "/nix/store/nj97yd3bivyxs5a2j3q9gyg8304av07q-python3.12-ansible-core-2.18.6",
              "default": true
            },
            {
              "name": "dist",
              "path": "/nix/store/m89q34vq01hrd0immb0ibqgln30pg0zs-python3.12-ansible-core-2.18.6-dist"
            }
          ],
          "store_path": "/nix/store/nj97yd3bivyxs5a2j3q9gyg8304av07q-python3.12-ansible-core-2.18.6"
        },
        "x86_64-darwin": {
          "outputs": [
            {
              "name": "out",
              "path": "/nix/store/17x48nrxx7lc60c201bv5kjxw7zvgbzf-python3.12-ansible-core-2.18.6",
              "default": true
            },
            {
              "name": "dist",
              "path": "/nix/store/c9dzvapldzam22w76fxdjqjqmv2vizw8-python3.12-ansible-core-2.18.6-dist"
            }
          ],
          "store_path": "/nix/store/17x48nrxx7lc60c201bv5kjxw7zvgbzf-python3.12-ansible-core-2.18.6"
        },
        "x86_64-linux": {
          "outputs": [
            {
              "name": "out",
              "path": "/nix/store/xpzn3bbrzvqbqnm5bgkwg87v2wcbmyfg-python3.12-ansible-core-2.18.6",
              "default": true
            },
            {
              "name": "dist",
              "path": "/nix/store/04m7w60ygl176rrw3lyj87vsk1zbf0m6-python3.12-ansible-core-2.18.6-dist"
            }
          ],
          "store_path": "/nix/store/xpzn3bbrzvqbqnm5bgkwg87v2wcbmyfg-python3.12-ansible-core-2.18.6"
        }
      }
    },
    "sshpass@latest": {
      "last_modified": "2024-07-07T07:43:47Z",
      "resolved": "github:NixOS/nixpkgs/b60793b86201040d9dee019a05089a9150d08b5b#sshpass",
      "source": "devbox-search",
      "version": "1.10",
      "systems": {
        "aarch64-darwin": {
          "outputs": [
            {
              "name": "out",
              "path": "/nix/store/48y6jzhm0w7y0hpb7447765w83jlhmgn-sshpass-1.10",
              "default": true
            }
          ],
          "store_path": "/nix/store/48y6jzhm0w7y0hpb7447765w83jlhmgn-sshpass-1.10"
        },
        "aarch64-linux": {
          "outputs": [
            {
              "name": "out",
              "path": "/nix/store/cw68ibl6qw9d9f7m7p4al3fp4759xnkx-sshpass-1.10",
              "default": true
            }
          ],
          "store_path": "/nix/store/cw68ibl6qw9d9f7m7p4al3fp4759xnkx-sshpass-1.10"
        },
        "x86_64-darwin": {
          "outputs": [
            {
              "name": "out",
              "path": "/nix/store/x93zzyzkpzmr6n3iniyvihlglibln1rf-sshpass-1.10",
              "default": true
            }
          ],
          "store_path": "/nix/store/x93zzyzkpzmr6n3iniyvihlglibln1rf-sshpass-1.10"
        },
        "x86_64-linux": {
          "outputs": [
            {
              "name": "out",
              "path": "/nix/store/6x512hbxjip723wvfsdf24h6ql3hyh99-sshpass-1.10",
              "default": true
            }
          ],
          "store_path": "/nix/store/6x512hbxjip723wvfsdf24h6ql3hyh99-sshpass-1.10"
        }
      }
    }
  }
}
